// !$*UTF8*$!
{
	archiveVersion = 1;
	classes = {
	};
	objectVersion = 56;
	objects = {

/* Begin PBXBuildFile section */
		BB31BCA52A82A76C007DBF67 /* CMTime.swift in Sources */ = {isa = PBXBuildFile; fileRef = BB31BCA42A82A76C007DBF67 /* CMTime.swift */; };
		BB3428CE2A8112B200243DDA /* MusicTabView.swift in Sources */ = {isa = PBXBuildFile; fileRef = BB3428CD2A8112B200243DDA /* MusicTabView.swift */; };
		BB3563C82A814E7800D56250 /* GoogleService-Info.plist in Resources */ = {isa = PBXBuildFile; fileRef = BB3563C72A814E7800D56250 /* GoogleService-Info.plist */; };
		BB3563CB2A814EC100D56250 /* FirebaseFirestore in Frameworks */ = {isa = PBXBuildFile; productRef = BB3563CA2A814EC100D56250 /* FirebaseFirestore */; };
		BB3563CD2A814EC100D56250 /* FirebaseFirestoreCombine-Community in Frameworks */ = {isa = PBXBuildFile; productRef = BB3563CC2A814EC100D56250 /* FirebaseFirestoreCombine-Community */; };
		BB3563CF2A814EC100D56250 /* FirebaseFirestoreSwift in Frameworks */ = {isa = PBXBuildFile; productRef = BB3563CE2A814EC100D56250 /* FirebaseFirestoreSwift */; };
		BB3563D12A814EC100D56250 /* FirebaseStorage in Frameworks */ = {isa = PBXBuildFile; productRef = BB3563D02A814EC100D56250 /* FirebaseStorage */; };
		BB3563D32A814EC100D56250 /* FirebaseStorageCombine-Community in Frameworks */ = {isa = PBXBuildFile; productRef = BB3563D22A814EC100D56250 /* FirebaseStorageCombine-Community */; };
		BB3563D62A81508D00D56250 /* FirestoreManager.swift in Sources */ = {isa = PBXBuildFile; fileRef = BB3563D52A81508D00D56250 /* FirestoreManager.swift */; };
		BB3563D82A815A3C00D56250 /* StorageManager.swift in Sources */ = {isa = PBXBuildFile; fileRef = BB3563D72A815A3C00D56250 /* StorageManager.swift */; };
		BB3563DA2A81686B00D56250 /* MusicPlayingAnimation.swift in Sources */ = {isa = PBXBuildFile; fileRef = BB3563D92A81686B00D56250 /* MusicPlayingAnimation.swift */; };
		BB5C2EEE2A7E655400CE99BC /* TimerTabView.swift in Sources */ = {isa = PBXBuildFile; fileRef = BB5C2EED2A7E655400CE99BC /* TimerTabView.swift */; };
		BB7300E52A7C45B0006A7020 /* MotiFyApp.swift in Sources */ = {isa = PBXBuildFile; fileRef = BB7300E42A7C45B0006A7020 /* MotiFyApp.swift */; };
		BB7300E72A7C45B0006A7020 /* ContentView.swift in Sources */ = {isa = PBXBuildFile; fileRef = BB7300E62A7C45B0006A7020 /* ContentView.swift */; };
		BB7300E92A7C45B2006A7020 /* Assets.xcassets in Resources */ = {isa = PBXBuildFile; fileRef = BB7300E82A7C45B2006A7020 /* Assets.xcassets */; };
		BB7300EC2A7C45B2006A7020 /* Preview Assets.xcassets in Resources */ = {isa = PBXBuildFile; fileRef = BB7300EB2A7C45B2006A7020 /* Preview Assets.xcassets */; };
		BB7300F42A7C474F006A7020 /* QuoteTabView.swift in Sources */ = {isa = PBXBuildFile; fileRef = BB7300F32A7C474F006A7020 /* QuoteTabView.swift */; };
		BB7300F72A7C5807006A7020 /* LoadingBouncyView.swift in Sources */ = {isa = PBXBuildFile; fileRef = BB7300F62A7C5807006A7020 /* LoadingBouncyView.swift */; };
		BB974F682A83BF8700DE30A3 /* ArtworkView.swift in Sources */ = {isa = PBXBuildFile; fileRef = BB974F672A83BF8700DE30A3 /* ArtworkView.swift */; };
		BB9CDAD82A7FA03900E0DD4B /* FancyBackground.swift in Sources */ = {isa = PBXBuildFile; fileRef = BB9CDAD72A7FA03900E0DD4B /* FancyBackground.swift */; };
		BBA191472A7FCD3400B01E46 /* Color.swift in Sources */ = {isa = PBXBuildFile; fileRef = BBA191462A7FCD3400B01E46 /* Color.swift */; };
		BBD5516A2A83B63500AECB9E /* CacheManager.swift in Sources */ = {isa = PBXBuildFile; fileRef = BBD551692A83B63500AECB9E /* CacheManager.swift */; };
		BBE2B56A2A7D88F500264BF5 /* View.swift in Sources */ = {isa = PBXBuildFile; fileRef = BBE2B5692A7D88F500264BF5 /* View.swift */; };
		BBE2B56D2A7D8BD600264BF5 /* Quote.swift in Sources */ = {isa = PBXBuildFile; fileRef = BBE2B56C2A7D8BD600264BF5 /* Quote.swift */; };
		BBF38DD42A82718E009EE1A8 /* MusicTabViewModel.swift in Sources */ = {isa = PBXBuildFile; fileRef = BBF38DD32A82718E009EE1A8 /* MusicTabViewModel.swift */; };
/* End PBXBuildFile section */

/* Begin PBXFileReference section */
		BB31BCA42A82A76C007DBF67 /* CMTime.swift */ = {isa = PBXFileReference; lastKnownFileType = sourcecode.swift; path = CMTime.swift; sourceTree = "<group>"; };
		BB3428CD2A8112B200243DDA /* MusicTabView.swift */ = {isa = PBXFileReference; lastKnownFileType = sourcecode.swift; path = MusicTabView.swift; sourceTree = "<group>"; };
		BB3563C72A814E7800D56250 /* GoogleService-Info.plist */ = {isa = PBXFileReference; fileEncoding = 4; lastKnownFileType = text.plist.xml; path = "GoogleService-Info.plist"; sourceTree = "<group>"; };
		BB3563D52A81508D00D56250 /* FirestoreManager.swift */ = {isa = PBXFileReference; lastKnownFileType = sourcecode.swift; path = FirestoreManager.swift; sourceTree = "<group>"; };
		BB3563D72A815A3C00D56250 /* StorageManager.swift */ = {isa = PBXFileReference; lastKnownFileType = sourcecode.swift; path = StorageManager.swift; sourceTree = "<group>"; };
		BB3563D92A81686B00D56250 /* MusicPlayingAnimation.swift */ = {isa = PBXFileReference; lastKnownFileType = sourcecode.swift; path = MusicPlayingAnimation.swift; sourceTree = "<group>"; };
		BB5C2EED2A7E655400CE99BC /* TimerTabView.swift */ = {isa = PBXFileReference; lastKnownFileType = sourcecode.swift; path = TimerTabView.swift; sourceTree = "<group>"; };
		BB7300E12A7C45B0006A7020 /* MotiFy.app */ = {isa = PBXFileReference; explicitFileType = wrapper.application; includeInIndex = 0; path = MotiFy.app; sourceTree = BUILT_PRODUCTS_DIR; };
		BB7300E42A7C45B0006A7020 /* MotiFyApp.swift */ = {isa = PBXFileReference; lastKnownFileType = sourcecode.swift; path = MotiFyApp.swift; sourceTree = "<group>"; };
		BB7300E62A7C45B0006A7020 /* ContentView.swift */ = {isa = PBXFileReference; lastKnownFileType = sourcecode.swift; path = ContentView.swift; sourceTree = "<group>"; };
		BB7300E82A7C45B2006A7020 /* Assets.xcassets */ = {isa = PBXFileReference; lastKnownFileType = folder.assetcatalog; path = Assets.xcassets; sourceTree = "<group>"; };
		BB7300EB2A7C45B2006A7020 /* Preview Assets.xcassets */ = {isa = PBXFileReference; lastKnownFileType = folder.assetcatalog; path = "Preview Assets.xcassets"; sourceTree = "<group>"; };
		BB7300F32A7C474F006A7020 /* QuoteTabView.swift */ = {isa = PBXFileReference; lastKnownFileType = sourcecode.swift; path = QuoteTabView.swift; sourceTree = "<group>"; };
		BB7300F62A7C5807006A7020 /* LoadingBouncyView.swift */ = {isa = PBXFileReference; lastKnownFileType = sourcecode.swift; path = LoadingBouncyView.swift; sourceTree = "<group>"; };
		BB974F672A83BF8700DE30A3 /* ArtworkView.swift */ = {isa = PBXFileReference; lastKnownFileType = sourcecode.swift; path = ArtworkView.swift; sourceTree = "<group>"; };
		BB9CDAD72A7FA03900E0DD4B /* FancyBackground.swift */ = {isa = PBXFileReference; lastKnownFileType = sourcecode.swift; path = FancyBackground.swift; sourceTree = "<group>"; };
		BBA191462A7FCD3400B01E46 /* Color.swift */ = {isa = PBXFileReference; lastKnownFileType = sourcecode.swift; path = Color.swift; sourceTree = "<group>"; };
		BBD551692A83B63500AECB9E /* CacheManager.swift */ = {isa = PBXFileReference; lastKnownFileType = sourcecode.swift; path = CacheManager.swift; sourceTree = "<group>"; };
		BBE2B5692A7D88F500264BF5 /* View.swift */ = {isa = PBXFileReference; lastKnownFileType = sourcecode.swift; path = View.swift; sourceTree = "<group>"; };
		BBE2B56C2A7D8BD600264BF5 /* Quote.swift */ = {isa = PBXFileReference; lastKnownFileType = sourcecode.swift; path = Quote.swift; sourceTree = "<group>"; };
		BBF38DD32A82718E009EE1A8 /* MusicTabViewModel.swift */ = {isa = PBXFileReference; lastKnownFileType = sourcecode.swift; path = MusicTabViewModel.swift; sourceTree = "<group>"; };
/* End PBXFileReference section */

/* Begin PBXFrameworksBuildPhase section */
		BB7300DE2A7C45B0006A7020 /* Frameworks */ = {
			isa = PBXFrameworksBuildPhase;
			buildActionMask = 2147483647;
			files = (
				BB3563CB2A814EC100D56250 /* FirebaseFirestore in Frameworks */,
				BB3563D12A814EC100D56250 /* FirebaseStorage in Frameworks */,
				BB3563D32A814EC100D56250 /* FirebaseStorageCombine-Community in Frameworks */,
				BB3563CD2A814EC100D56250 /* FirebaseFirestoreCombine-Community in Frameworks */,
				BB3563CF2A814EC100D56250 /* FirebaseFirestoreSwift in Frameworks */,
			);
			runOnlyForDeploymentPostprocessing = 0;
		};
/* End PBXFrameworksBuildPhase section */

/* Begin PBXGroup section */
		BB3428CC2A8112AB00243DDA /* MusicTab */ = {
			isa = PBXGroup;
			children = (
				BB3428CD2A8112B200243DDA /* MusicTabView.swift */,
				BBF38DD32A82718E009EE1A8 /* MusicTabViewModel.swift */,
			);
			path = MusicTab;
			sourceTree = "<group>";
		};
		BB3563D42A81508400D56250 /* Managers */ = {
			isa = PBXGroup;
			children = (
				BB3563D52A81508D00D56250 /* FirestoreManager.swift */,
				BB3563D72A815A3C00D56250 /* StorageManager.swift */,
				BBD551692A83B63500AECB9E /* CacheManager.swift */,
			);
			path = Managers;
			sourceTree = "<group>";
		};
		BB5C2EEC2A7E653C00CE99BC /* TimerTab */ = {
			isa = PBXGroup;
			children = (
				BB5C2EED2A7E655400CE99BC /* TimerTabView.swift */,
			);
			path = TimerTab;
			sourceTree = "<group>";
		};
		BB7300D82A7C45B0006A7020 = {
			isa = PBXGroup;
			children = (
				BB7300E32A7C45B0006A7020 /* MotiFy */,
				BB7300E22A7C45B0006A7020 /* Products */,
			);
			sourceTree = "<group>";
		};
		BB7300E22A7C45B0006A7020 /* Products */ = {
			isa = PBXGroup;
			children = (
				BB7300E12A7C45B0006A7020 /* MotiFy.app */,
			);
			name = Products;
			sourceTree = "<group>";
		};
		BB7300E32A7C45B0006A7020 /* MotiFy */ = {
			isa = PBXGroup;
			children = (
				BB3563D42A81508400D56250 /* Managers */,
				BB3563C72A814E7800D56250 /* GoogleService-Info.plist */,
				BB3428CC2A8112AB00243DDA /* MusicTab */,
				BB5C2EEC2A7E653C00CE99BC /* TimerTab */,
				BBE2B56B2A7D8BCA00264BF5 /* Models */,
				BBE2B5682A7D88E500264BF5 /* Extensions */,
				BB7300F52A7C57FB006A7020 /* Components */,
				BB7300F22A7C4745006A7020 /* QuoteTab */,
				BB7300E42A7C45B0006A7020 /* MotiFyApp.swift */,
				BB7300E62A7C45B0006A7020 /* ContentView.swift */,
				BB7300E82A7C45B2006A7020 /* Assets.xcassets */,
				BB7300EA2A7C45B2006A7020 /* Preview Content */,
			);
			path = MotiFy;
			sourceTree = "<group>";
		};
		BB7300EA2A7C45B2006A7020 /* Preview Content */ = {
			isa = PBXGroup;
			children = (
				BB7300EB2A7C45B2006A7020 /* Preview Assets.xcassets */,
			);
			path = "Preview Content";
			sourceTree = "<group>";
		};
		BB7300F22A7C4745006A7020 /* QuoteTab */ = {
			isa = PBXGroup;
			children = (
				BB7300F32A7C474F006A7020 /* QuoteTabView.swift */,
			);
			path = QuoteTab;
			sourceTree = "<group>";
		};
		BB7300F52A7C57FB006A7020 /* Components */ = {
			isa = PBXGroup;
			children = (
				BB7300F62A7C5807006A7020 /* LoadingBouncyView.swift */,
				BB9CDAD72A7FA03900E0DD4B /* FancyBackground.swift */,
				BB3563D92A81686B00D56250 /* MusicPlayingAnimation.swift */,
				BB974F672A83BF8700DE30A3 /* ArtworkView.swift */,
			);
			path = Components;
			sourceTree = "<group>";
		};
		BBE2B5682A7D88E500264BF5 /* Extensions */ = {
			isa = PBXGroup;
			children = (
				BBE2B5692A7D88F500264BF5 /* View.swift */,
				BBA191462A7FCD3400B01E46 /* Color.swift */,
				BB31BCA42A82A76C007DBF67 /* CMTime.swift */,
			);
			path = Extensions;
			sourceTree = "<group>";
		};
		BBE2B56B2A7D8BCA00264BF5 /* Models */ = {
			isa = PBXGroup;
			children = (
				BBE2B56C2A7D8BD600264BF5 /* Quote.swift */,
			);
			path = Models;
			sourceTree = "<group>";
		};
/* End PBXGroup section */

/* Begin PBXNativeTarget section */
		BB7300E02A7C45B0006A7020 /* MotiFy */ = {
			isa = PBXNativeTarget;
			buildConfigurationList = BB7300EF2A7C45B2006A7020 /* Build configuration list for PBXNativeTarget "MotiFy" */;
			buildPhases = (
				BB7300DD2A7C45B0006A7020 /* Sources */,
				BB7300DE2A7C45B0006A7020 /* Frameworks */,
				BB7300DF2A7C45B0006A7020 /* Resources */,
			);
			buildRules = (
			);
			dependencies = (
			);
			name = MotiFy;
			packageProductDependencies = (
				BB3563CA2A814EC100D56250 /* FirebaseFirestore */,
				BB3563CC2A814EC100D56250 /* FirebaseFirestoreCombine-Community */,
				BB3563CE2A814EC100D56250 /* FirebaseFirestoreSwift */,
				BB3563D02A814EC100D56250 /* FirebaseStorage */,
				BB3563D22A814EC100D56250 /* FirebaseStorageCombine-Community */,
			);
			productName = MotiFy;
			productReference = BB7300E12A7C45B0006A7020 /* MotiFy.app */;
			productType = "com.apple.product-type.application";
		};
/* End PBXNativeTarget section */

/* Begin PBXProject section */
		BB7300D92A7C45B0006A7020 /* Project object */ = {
			isa = PBXProject;
			attributes = {
				BuildIndependentTargetsInParallel = 1;
				LastSwiftUpdateCheck = 1500;
				LastUpgradeCheck = 1500;
				TargetAttributes = {
					BB7300E02A7C45B0006A7020 = {
						CreatedOnToolsVersion = 15.0;
					};
				};
			};
			buildConfigurationList = BB7300DC2A7C45B0006A7020 /* Build configuration list for PBXProject "MotiFy" */;
			compatibilityVersion = "Xcode 14.0";
			developmentRegion = en;
			hasScannedForEncodings = 0;
			knownRegions = (
				en,
				Base,
			);
			mainGroup = BB7300D82A7C45B0006A7020;
			packageReferences = (
				BB3563C92A814EC100D56250 /* XCRemoteSwiftPackageReference "firebase-ios-sdk" */,
			);
			productRefGroup = BB7300E22A7C45B0006A7020 /* Products */;
			projectDirPath = "";
			projectRoot = "";
			targets = (
				BB7300E02A7C45B0006A7020 /* MotiFy */,
			);
		};
/* End PBXProject section */

/* Begin PBXResourcesBuildPhase section */
		BB7300DF2A7C45B0006A7020 /* Resources */ = {
			isa = PBXResourcesBuildPhase;
			buildActionMask = 2147483647;
			files = (
				BB7300EC2A7C45B2006A7020 /* Preview Assets.xcassets in Resources */,
				BB7300E92A7C45B2006A7020 /* Assets.xcassets in Resources */,
				BB3563C82A814E7800D56250 /* GoogleService-Info.plist in Resources */,
			);
			runOnlyForDeploymentPostprocessing = 0;
		};
/* End PBXResourcesBuildPhase section */

/* Begin PBXSourcesBuildPhase section */
		BB7300DD2A7C45B0006A7020 /* Sources */ = {
			isa = PBXSourcesBuildPhase;
			buildActionMask = 2147483647;
			files = (
				BB7300F42A7C474F006A7020 /* QuoteTabView.swift in Sources */,
				BB9CDAD82A7FA03900E0DD4B /* FancyBackground.swift in Sources */,
				BB3428CE2A8112B200243DDA /* MusicTabView.swift in Sources */,
				BB3563D82A815A3C00D56250 /* StorageManager.swift in Sources */,
				BB5C2EEE2A7E655400CE99BC /* TimerTabView.swift in Sources */,
				BBA191472A7FCD3400B01E46 /* Color.swift in Sources */,
				BB7300E72A7C45B0006A7020 /* ContentView.swift in Sources */,
				BBE2B56A2A7D88F500264BF5 /* View.swift in Sources */,
				BB7300E52A7C45B0006A7020 /* MotiFyApp.swift in Sources */,
				BBE2B56D2A7D8BD600264BF5 /* Quote.swift in Sources */,
				BB974F682A83BF8700DE30A3 /* ArtworkView.swift in Sources */,
				BBF38DD42A82718E009EE1A8 /* MusicTabViewModel.swift in Sources */,
				BB3563DA2A81686B00D56250 /* MusicPlayingAnimation.swift in Sources */,
				BBD5516A2A83B63500AECB9E /* CacheManager.swift in Sources */,
				BB7300F72A7C5807006A7020 /* LoadingBouncyView.swift in Sources */,
				BB31BCA52A82A76C007DBF67 /* CMTime.swift in Sources */,
				BB3563D62A81508D00D56250 /* FirestoreManager.swift in Sources */,
			);
			runOnlyForDeploymentPostprocessing = 0;
		};
/* End PBXSourcesBuildPhase section */

/* Begin XCBuildConfiguration section */
		BB7300ED2A7C45B2006A7020 /* Debug */ = {
			isa = XCBuildConfiguration;
			buildSettings = {
				ALWAYS_SEARCH_USER_PATHS = NO;
				ASSETCATALOG_COMPILER_GENERATE_SWIFT_ASSET_SYMBOL_EXTENSIONS = YES;
				CLANG_ANALYZER_NONNULL = YES;
				CLANG_ANALYZER_NUMBER_OBJECT_CONVERSION = YES_AGGRESSIVE;
				CLANG_CXX_LANGUAGE_STANDARD = "gnu++20";
				CLANG_ENABLE_MODULES = YES;
				CLANG_ENABLE_OBJC_ARC = YES;
				CLANG_ENABLE_OBJC_WEAK = YES;
				CLANG_WARN_BLOCK_CAPTURE_AUTORELEASING = YES;
				CLANG_WARN_BOOL_CONVERSION = YES;
				CLANG_WARN_COMMA = YES;
				CLANG_WARN_CONSTANT_CONVERSION = YES;
				CLANG_WARN_DEPRECATED_OBJC_IMPLEMENTATIONS = YES;
				CLANG_WARN_DIRECT_OBJC_ISA_USAGE = YES_ERROR;
				CLANG_WARN_DOCUMENTATION_COMMENTS = YES;
				CLANG_WARN_EMPTY_BODY = YES;
				CLANG_WARN_ENUM_CONVERSION = YES;
				CLANG_WARN_INFINITE_RECURSION = YES;
				CLANG_WARN_INT_CONVERSION = YES;
				CLANG_WARN_NON_LITERAL_NULL_CONVERSION = YES;
				CLANG_WARN_OBJC_IMPLICIT_RETAIN_SELF = YES;
				CLANG_WARN_OBJC_LITERAL_CONVERSION = YES;
				CLANG_WARN_OBJC_ROOT_CLASS = YES_ERROR;
				CLANG_WARN_QUOTED_INCLUDE_IN_FRAMEWORK_HEADER = YES;
				CLANG_WARN_RANGE_LOOP_ANALYSIS = YES;
				CLANG_WARN_STRICT_PROTOTYPES = YES;
				CLANG_WARN_SUSPICIOUS_MOVE = YES;
				CLANG_WARN_UNGUARDED_AVAILABILITY = YES_AGGRESSIVE;
				CLANG_WARN_UNREACHABLE_CODE = YES;
				CLANG_WARN__DUPLICATE_METHOD_MATCH = YES;
				COPY_PHASE_STRIP = NO;
				DEBUG_INFORMATION_FORMAT = dwarf;
				ENABLE_STRICT_OBJC_MSGSEND = YES;
				ENABLE_TESTABILITY = YES;
				ENABLE_USER_SCRIPT_SANDBOXING = YES;
				GCC_C_LANGUAGE_STANDARD = gnu17;
				GCC_DYNAMIC_NO_PIC = NO;
				GCC_NO_COMMON_BLOCKS = YES;
				GCC_OPTIMIZATION_LEVEL = 0;
				GCC_PREPROCESSOR_DEFINITIONS = (
					"DEBUG=1",
					"$(inherited)",
				);
				GCC_WARN_64_TO_32_BIT_CONVERSION = YES;
				GCC_WARN_ABOUT_RETURN_TYPE = YES_ERROR;
				GCC_WARN_UNDECLARED_SELECTOR = YES;
				GCC_WARN_UNINITIALIZED_AUTOS = YES_AGGRESSIVE;
				GCC_WARN_UNUSED_FUNCTION = YES;
				GCC_WARN_UNUSED_VARIABLE = YES;
				IPHONEOS_DEPLOYMENT_TARGET = 17.0;
				LOCALIZATION_PREFERS_STRING_CATALOGS = YES;
				MTL_ENABLE_DEBUG_INFO = INCLUDE_SOURCE;
				MTL_FAST_MATH = YES;
				ONLY_ACTIVE_ARCH = YES;
				SDKROOT = iphoneos;
				SWIFT_ACTIVE_COMPILATION_CONDITIONS = "DEBUG $(inherited)";
				SWIFT_OPTIMIZATION_LEVEL = "-Onone";
			};
			name = Debug;
		};
		BB7300EE2A7C45B2006A7020 /* Release */ = {
			isa = XCBuildConfiguration;
			buildSettings = {
				ALWAYS_SEARCH_USER_PATHS = NO;
				ASSETCATALOG_COMPILER_GENERATE_SWIFT_ASSET_SYMBOL_EXTENSIONS = YES;
				CLANG_ANALYZER_NONNULL = YES;
				CLANG_ANALYZER_NUMBER_OBJECT_CONVERSION = YES_AGGRESSIVE;
				CLANG_CXX_LANGUAGE_STANDARD = "gnu++20";
				CLANG_ENABLE_MODULES = YES;
				CLANG_ENABLE_OBJC_ARC = YES;
				CLANG_ENABLE_OBJC_WEAK = YES;
				CLANG_WARN_BLOCK_CAPTURE_AUTORELEASING = YES;
				CLANG_WARN_BOOL_CONVERSION = YES;
				CLANG_WARN_COMMA = YES;
				CLANG_WARN_CONSTANT_CONVERSION = YES;
				CLANG_WARN_DEPRECATED_OBJC_IMPLEMENTATIONS = YES;
				CLANG_WARN_DIRECT_OBJC_ISA_USAGE = YES_ERROR;
				CLANG_WARN_DOCUMENTATION_COMMENTS = YES;
				CLANG_WARN_EMPTY_BODY = YES;
				CLANG_WARN_ENUM_CONVERSION = YES;
				CLANG_WARN_INFINITE_RECURSION = YES;
				CLANG_WARN_INT_CONVERSION = YES;
				CLANG_WARN_NON_LITERAL_NULL_CONVERSION = YES;
				CLANG_WARN_OBJC_IMPLICIT_RETAIN_SELF = YES;
				CLANG_WARN_OBJC_LITERAL_CONVERSION = YES;
				CLANG_WARN_OBJC_ROOT_CLASS = YES_ERROR;
				CLANG_WARN_QUOTED_INCLUDE_IN_FRAMEWORK_HEADER = YES;
				CLANG_WARN_RANGE_LOOP_ANALYSIS = YES;
				CLANG_WARN_STRICT_PROTOTYPES = YES;
				CLANG_WARN_SUSPICIOUS_MOVE = YES;
				CLANG_WARN_UNGUARDED_AVAILABILITY = YES_AGGRESSIVE;
				CLANG_WARN_UNREACHABLE_CODE = YES;
				CLANG_WARN__DUPLICATE_METHOD_MATCH = YES;
				COPY_PHASE_STRIP = NO;
				DEBUG_INFORMATION_FORMAT = "dwarf-with-dsym";
				ENABLE_NS_ASSERTIONS = NO;
				ENABLE_STRICT_OBJC_MSGSEND = YES;
				ENABLE_USER_SCRIPT_SANDBOXING = YES;
				GCC_C_LANGUAGE_STANDARD = gnu17;
				GCC_NO_COMMON_BLOCKS = YES;
				GCC_WARN_64_TO_32_BIT_CONVERSION = YES;
				GCC_WARN_ABOUT_RETURN_TYPE = YES_ERROR;
				GCC_WARN_UNDECLARED_SELECTOR = YES;
				GCC_WARN_UNINITIALIZED_AUTOS = YES_AGGRESSIVE;
				GCC_WARN_UNUSED_FUNCTION = YES;
				GCC_WARN_UNUSED_VARIABLE = YES;
				IPHONEOS_DEPLOYMENT_TARGET = 17.0;
				LOCALIZATION_PREFERS_STRING_CATALOGS = YES;
				MTL_ENABLE_DEBUG_INFO = NO;
				MTL_FAST_MATH = YES;
				SDKROOT = iphoneos;
				SWIFT_COMPILATION_MODE = wholemodule;
				VALIDATE_PRODUCT = YES;
			};
			name = Release;
		};
		BB7300F02A7C45B2006A7020 /* Debug */ = {
			isa = XCBuildConfiguration;
			buildSettings = {
				ASSETCATALOG_COMPILER_APPICON_NAME = AppIcon;
				ASSETCATALOG_COMPILER_GLOBAL_ACCENT_COLOR_NAME = AccentColor;
				CODE_SIGN_STYLE = Automatic;
				CURRENT_PROJECT_VERSION = 1;
				DEVELOPMENT_ASSET_PATHS = "\"MotiFy/Preview Content\"";
				DEVELOPMENT_TEAM = VFJ7656544;
				ENABLE_PREVIEWS = YES;
				GENERATE_INFOPLIST_FILE = YES;
				INFOPLIST_KEY_CFBundleDisplayName = MotiFy;
				INFOPLIST_KEY_LSApplicationCategoryType = "public.app-category.productivity";
				INFOPLIST_KEY_UIApplicationSceneManifest_Generation = YES;
				INFOPLIST_KEY_UIApplicationSupportsIndirectInputEvents = YES;
				INFOPLIST_KEY_UILaunchScreen_Generation = YES;
				INFOPLIST_KEY_UISupportedInterfaceOrientations = UIInterfaceOrientationPortrait;
				INFOPLIST_KEY_UISupportedInterfaceOrientations_iPad = "UIInterfaceOrientationLandscapeLeft UIInterfaceOrientationLandscapeRight UIInterfaceOrientationPortrait UIInterfaceOrientationPortraitUpsideDown";
				IPHONEOS_DEPLOYMENT_TARGET = 16.1;
				LD_RUNPATH_SEARCH_PATHS = (
					"$(inherited)",
					"@executable_path/Frameworks",
				);
				MARKETING_VERSION = 0.1.0;
				PRODUCT_BUNDLE_IDENTIFIER = com.stuffeddanny.MotiFy;
				PRODUCT_NAME = "$(TARGET_NAME)";
				SUPPORTED_PLATFORMS = "iphoneos iphonesimulator";
				SUPPORTS_MACCATALYST = NO;
				SUPPORTS_MAC_DESIGNED_FOR_IPHONE_IPAD = NO;
				SUPPORTS_XR_DESIGNED_FOR_IPHONE_IPAD = NO;
				SWIFT_EMIT_LOC_STRINGS = YES;
				SWIFT_VERSION = 5.0;
				TARGETED_DEVICE_FAMILY = 1;
			};
			name = Debug;
		};
		BB7300F12A7C45B2006A7020 /* Release */ = {
			isa = XCBuildConfiguration;
			buildSettings = {
				ASSETCATALOG_COMPILER_APPICON_NAME = AppIcon;
				ASSETCATALOG_COMPILER_GLOBAL_ACCENT_COLOR_NAME = AccentColor;
				CODE_SIGN_STYLE = Automatic;
				CURRENT_PROJECT_VERSION = 1;
				DEVELOPMENT_ASSET_PATHS = "\"MotiFy/Preview Content\"";
				DEVELOPMENT_TEAM = VFJ7656544;
				ENABLE_PREVIEWS = YES;
				GENERATE_INFOPLIST_FILE = YES;
				INFOPLIST_KEY_CFBundleDisplayName = MotiFy;
				INFOPLIST_KEY_LSApplicationCategoryType = "public.app-category.productivity";
				INFOPLIST_KEY_UIApplicationSceneManifest_Generation = YES;
				INFOPLIST_KEY_UIApplicationSupportsIndirectInputEvents = YES;
				INFOPLIST_KEY_UILaunchScreen_Generation = YES;
				INFOPLIST_KEY_UISupportedInterfaceOrientations = UIInterfaceOrientationPortrait;
				INFOPLIST_KEY_UISupportedInterfaceOrientations_iPad = "UIInterfaceOrientationLandscapeLeft UIInterfaceOrientationLandscapeRight UIInterfaceOrientationPortrait UIInterfaceOrientationPortraitUpsideDown";
				IPHONEOS_DEPLOYMENT_TARGET = 16.1;
				LD_RUNPATH_SEARCH_PATHS = (
					"$(inherited)",
					"@executable_path/Frameworks",
				);
				MARKETING_VERSION = 0.1.0;
				PRODUCT_BUNDLE_IDENTIFIER = com.stuffeddanny.MotiFy;
				PRODUCT_NAME = "$(TARGET_NAME)";
				SUPPORTED_PLATFORMS = "iphoneos iphonesimulator";
				SUPPORTS_MACCATALYST = NO;
				SUPPORTS_MAC_DESIGNED_FOR_IPHONE_IPAD = NO;
				SUPPORTS_XR_DESIGNED_FOR_IPHONE_IPAD = NO;
				SWIFT_EMIT_LOC_STRINGS = YES;
				SWIFT_VERSION = 5.0;
				TARGETED_DEVICE_FAMILY = 1;
			};
			name = Release;
		};
/* End XCBuildConfiguration section */

/* Begin XCConfigurationList section */
		BB7300DC2A7C45B0006A7020 /* Build configuration list for PBXProject "MotiFy" */ = {
			isa = XCConfigurationList;
			buildConfigurations = (
				BB7300ED2A7C45B2006A7020 /* Debug */,
				BB7300EE2A7C45B2006A7020 /* Release */,
			);
			defaultConfigurationIsVisible = 0;
			defaultConfigurationName = Release;
		};
		BB7300EF2A7C45B2006A7020 /* Build configuration list for PBXNativeTarget "MotiFy" */ = {
			isa = XCConfigurationList;
			buildConfigurations = (
				BB7300F02A7C45B2006A7020 /* Debug */,
				BB7300F12A7C45B2006A7020 /* Release */,
			);
			defaultConfigurationIsVisible = 0;
			defaultConfigurationName = Release;
		};
/* End XCConfigurationList section */

/* Begin XCRemoteSwiftPackageReference section */
		BB3563C92A814EC100D56250 /* XCRemoteSwiftPackageReference "firebase-ios-sdk" */ = {
			isa = XCRemoteSwiftPackageReference;
			repositoryURL = "https://github.com/firebase/firebase-ios-sdk";
			requirement = {
				kind = upToNextMinorVersion;
				minimumVersion = 10.13.0;
			};
		};
/* End XCRemoteSwiftPackageReference section */

/* Begin XCSwiftPackageProductDependency section */
		BB3563CA2A814EC100D56250 /* FirebaseFirestore */ = {
			isa = XCSwiftPackageProductDependency;
			package = BB3563C92A814EC100D56250 /* XCRemoteSwiftPackageReference "firebase-ios-sdk" */;
			productName = FirebaseFirestore;
		};
		BB3563CC2A814EC100D56250 /* FirebaseFirestoreCombine-Community */ = {
			isa = XCSwiftPackageProductDependency;
			package = BB3563C92A814EC100D56250 /* XCRemoteSwiftPackageReference "firebase-ios-sdk" */;
			productName = "FirebaseFirestoreCombine-Community";
		};
		BB3563CE2A814EC100D56250 /* FirebaseFirestoreSwift */ = {
			isa = XCSwiftPackageProductDependency;
			package = BB3563C92A814EC100D56250 /* XCRemoteSwiftPackageReference "firebase-ios-sdk" */;
			productName = FirebaseFirestoreSwift;
		};
		BB3563D02A814EC100D56250 /* FirebaseStorage */ = {
			isa = XCSwiftPackageProductDependency;
			package = BB3563C92A814EC100D56250 /* XCRemoteSwiftPackageReference "firebase-ios-sdk" */;
			productName = FirebaseStorage;
		};
		BB3563D22A814EC100D56250 /* FirebaseStorageCombine-Community */ = {
			isa = XCSwiftPackageProductDependency;
			package = BB3563C92A814EC100D56250 /* XCRemoteSwiftPackageReference "firebase-ios-sdk" */;
			productName = "FirebaseStorageCombine-Community";
		};
/* End XCSwiftPackageProductDependency section */
	};
	rootObject = BB7300D92A7C45B0006A7020 /* Project object */;
}
